// !$*UTF8*$!
{
	archiveVersion = 1;
	classes = {
	};
	objectVersion = 45;
	objects = {

/* Begin PBXBuildFile section */
		61DB1809148BA9A9004A67B8 /* asm_arm.h in Headers */ = {isa = PBXBuildFile; fileRef = 61DB17E7148BA9A9004A67B8 /* asm_arm.h */; };
		61DB180A148BA9A9004A67B8 /* backends.h in Headers */ = {isa = PBXBuildFile; fileRef = 61DB17E8148BA9A9004A67B8 /* backends.h */; };
		61DB180B148BA9A9004A67B8 /* bitwise.c in Sources */ = {isa = PBXBuildFile; fileRef = 61DB17E9148BA9A9004A67B8 /* bitwise.c */; };
		61DB180C148BA9A9004A67B8 /* block.c in Sources */ = {isa = PBXBuildFile; fileRef = 61DB17EA148BA9A9004A67B8 /* block.c */; };
		61DB180D148BA9A9004A67B8 /* block.h in Headers */ = {isa = PBXBuildFile; fileRef = 61DB17EB148BA9A9004A67B8 /* block.h */; };
		61DB180E148BA9A9004A67B8 /* codebook.c in Sources */ = {isa = PBXBuildFile; fileRef = 61DB17EC148BA9A9004A67B8 /* codebook.c */; };
		61DB180F148BA9A9004A67B8 /* codebook.h in Headers */ = {isa = PBXBuildFile; fileRef = 61DB17ED148BA9A9004A67B8 /* codebook.h */; };
		61DB1810148BA9A9004A67B8 /* codec_internal.h in Headers */ = {isa = PBXBuildFile; fileRef = 61DB17EE148BA9A9004A67B8 /* codec_internal.h */; };
		61DB1811148BA9A9004A67B8 /* config_types.h in Headers */ = {isa = PBXBuildFile; fileRef = 61DB17EF148BA9A9004A67B8 /* config_types.h */; };
		61DB1812148BA9A9004A67B8 /* floor0.c in Sources */ = {isa = PBXBuildFile; fileRef = 61DB17F0148BA9A9004A67B8 /* floor0.c */; };
		61DB1813148BA9A9004A67B8 /* floor1.c in Sources */ = {isa = PBXBuildFile; fileRef = 61DB17F1148BA9A9004A67B8 /* floor1.c */; };
		61DB1814148BA9A9004A67B8 /* framing.c in Sources */ = {isa = PBXBuildFile; fileRef = 61DB17F2148BA9A9004A67B8 /* framing.c */; };
		61DB1815148BA9A9004A67B8 /* info.c in Sources */ = {isa = PBXBuildFile; fileRef = 61DB17F3148BA9A9004A67B8 /* info.c */; };
		61DB1816148BA9A9004A67B8 /* ivorbiscodec.h in Headers */ = {isa = PBXBuildFile; fileRef = 61DB17F4148BA9A9004A67B8 /* ivorbiscodec.h */; };
		61DB1818148BA9A9004A67B8 /* ivorbisfile.h in Headers */ = {isa = PBXBuildFile; fileRef = 61DB17F6148BA9A9004A67B8 /* ivorbisfile.h */; };
		61DB1819148BA9A9004A67B8 /* lsp_lookup.h in Headers */ = {isa = PBXBuildFile; fileRef = 61DB17F7148BA9A9004A67B8 /* lsp_lookup.h */; };
		61DB181A148BA9A9004A67B8 /* mapping0.c in Sources */ = {isa = PBXBuildFile; fileRef = 61DB17F8148BA9A9004A67B8 /* mapping0.c */; };
		61DB181B148BA9A9004A67B8 /* mdct_lookup.h in Headers */ = {isa = PBXBuildFile; fileRef = 61DB17F9148BA9A9004A67B8 /* mdct_lookup.h */; };
		61DB181C148BA9A9004A67B8 /* mdct.c in Sources */ = {isa = PBXBuildFile; fileRef = 61DB17FA148BA9A9004A67B8 /* mdct.c */; };
		61DB181D148BA9A9004A67B8 /* mdct.h in Headers */ = {isa = PBXBuildFile; fileRef = 61DB17FB148BA9A9004A67B8 /* mdct.h */; };
		61DB181E148BA9A9004A67B8 /* misc.h in Headers */ = {isa = PBXBuildFile; fileRef = 61DB17FC148BA9A9004A67B8 /* misc.h */; };
		61DB181F148BA9A9004A67B8 /* ogg.h in Headers */ = {isa = PBXBuildFile; fileRef = 61DB17FD148BA9A9004A67B8 /* ogg.h */; };
		61DB1820148BA9A9004A67B8 /* os_types.h in Headers */ = {isa = PBXBuildFile; fileRef = 61DB17FE148BA9A9004A67B8 /* os_types.h */; };
		61DB1821148BA9A9004A67B8 /* os.h in Headers */ = {isa = PBXBuildFile; fileRef = 61DB17FF148BA9A9004A67B8 /* os.h */; };
		61DB1822148BA9A9004A67B8 /* registry.c in Sources */ = {isa = PBXBuildFile; fileRef = 61DB1800148BA9A9004A67B8 /* registry.c */; };
		61DB1823148BA9A9004A67B8 /* registry.h in Headers */ = {isa = PBXBuildFile; fileRef = 61DB1801148BA9A9004A67B8 /* registry.h */; };
		61DB1824148BA9A9004A67B8 /* res012.c in Sources */ = {isa = PBXBuildFile; fileRef = 61DB1802148BA9A9004A67B8 /* res012.c */; };
		61DB1825148BA9A9004A67B8 /* sharedbook.c in Sources */ = {isa = PBXBuildFile; fileRef = 61DB1803148BA9A9004A67B8 /* sharedbook.c */; };
		61DB1826148BA9A9004A67B8 /* synthesis.c in Sources */ = {isa = PBXBuildFile; fileRef = 61DB1804148BA9A9004A67B8 /* synthesis.c */; };
		61DB1827148BA9A9004A67B8 /* vorbisfile.c in Sources */ = {isa = PBXBuildFile; fileRef = 61DB1805148BA9A9004A67B8 /* vorbisfile.c */; };
		61DB1828148BA9A9004A67B8 /* window_lookup.h in Headers */ = {isa = PBXBuildFile; fileRef = 61DB1806148BA9A9004A67B8 /* window_lookup.h */; };
		61DB1829148BA9A9004A67B8 /* window.c in Sources */ = {isa = PBXBuildFile; fileRef = 61DB1807148BA9A9004A67B8 /* window.c */; };
		61DB182A148BA9A9004A67B8 /* window.h in Headers */ = {isa = PBXBuildFile; fileRef = 61DB1808148BA9A9004A67B8 /* window.h */; };
		AA747D9F0F9514B9006C5449 /* Tremor_Prefix.pch in Headers */ = {isa = PBXBuildFile; fileRef = AA747D9E0F9514B9006C5449 /* Tremor_Prefix.pch */; };
		AACBBE4A0F95108600F1A2B1 /* Foundation.framework in Frameworks */ = {isa = PBXBuildFile; fileRef = AACBBE490F95108600F1A2B1 /* Foundation.framework */; };
/* End PBXBuildFile section */

/* Begin PBXFileReference section */
		61DB17E7148BA9A9004A67B8 /* asm_arm.h */ = {isa = PBXFileReference; fileEncoding = 4; lastKnownFileType = sourcecode.c.h; name = asm_arm.h; path = ../tremor/asm_arm.h; sourceTree = SOURCE_ROOT; };
		61DB17E8148BA9A9004A67B8 /* backends.h */ = {isa = PBXFileReference; fileEncoding = 4; lastKnownFileType = sourcecode.c.h; name = backends.h; path = ../tremor/backends.h; sourceTree = SOURCE_ROOT; };
		61DB17E9148BA9A9004A67B8 /* bitwise.c */ = {isa = PBXFileReference; fileEncoding = 4; lastKnownFileType = sourcecode.c.c; name = bitwise.c; path = ../tremor/bitwise.c; sourceTree = SOURCE_ROOT; };
		61DB17EA148BA9A9004A67B8 /* block.c */ = {isa = PBXFileReference; fileEncoding = 4; lastKnownFileType = sourcecode.c.c; name = block.c; path = ../tremor/block.c; sourceTree = SOURCE_ROOT; };
		61DB17EB148BA9A9004A67B8 /* block.h */ = {isa = PBXFileReference; fileEncoding = 4; lastKnownFileType = sourcecode.c.h; name = block.h; path = ../tremor/block.h; sourceTree = SOURCE_ROOT; };
		61DB17EC148BA9A9004A67B8 /* codebook.c */ = {isa = PBXFileReference; fileEncoding = 4; lastKnownFileType = sourcecode.c.c; name = codebook.c; path = ../tremor/codebook.c; sourceTree = SOURCE_ROOT; };
		61DB17ED148BA9A9004A67B8 /* codebook.h */ = {isa = PBXFileReference; fileEncoding = 4; lastKnownFileType = sourcecode.c.h; name = codebook.h; path = ../tremor/codebook.h; sourceTree = SOURCE_ROOT; };
		61DB17EE148BA9A9004A67B8 /* codec_internal.h */ = {isa = PBXFileReference; fileEncoding = 4; lastKnownFileType = sourcecode.c.h; name = codec_internal.h; path = ../tremor/codec_internal.h; sourceTree = SOURCE_ROOT; };
		61DB17EF148BA9A9004A67B8 /* config_types.h */ = {isa = PBXFileReference; fileEncoding = 4; lastKnownFileType = sourcecode.c.h; name = config_types.h; path = ../tremor/config_types.h; sourceTree = SOURCE_ROOT; };
		61DB17F0148BA9A9004A67B8 /* floor0.c */ = {isa = PBXFileReference; fileEncoding = 4; lastKnownFileType = sourcecode.c.c; name = floor0.c; path = ../tremor/floor0.c; sourceTree = SOURCE_ROOT; };
		61DB17F1148BA9A9004A67B8 /* floor1.c */ = {isa = PBXFileReference; fileEncoding = 4; lastKnownFileType = sourcecode.c.c; name = floor1.c; path = ../tremor/floor1.c; sourceTree = SOURCE_ROOT; };
		61DB17F2148BA9A9004A67B8 /* framing.c */ = {isa = PBXFileReference; fileEncoding = 4; lastKnownFileType = sourcecode.c.c; name = framing.c; path = ../tremor/framing.c; sourceTree = SOURCE_ROOT; };
		61DB17F3148BA9A9004A67B8 /* info.c */ = {isa = PBXFileReference; fileEncoding = 4; lastKnownFileType = sourcecode.c.c; name = info.c; path = ../tremor/info.c; sourceTree = SOURCE_ROOT; };
		61DB17F4148BA9A9004A67B8 /* ivorbiscodec.h */ = {isa = PBXFileReference; fileEncoding = 4; lastKnownFileType = sourcecode.c.h; name = ivorbiscodec.h; path = ../tremor/ivorbiscodec.h; sourceTree = SOURCE_ROOT; };
		61DB17F6148BA9A9004A67B8 /* ivorbisfile.h */ = {isa = PBXFileReference; fileEncoding = 4; lastKnownFileType = sourcecode.c.h; name = ivorbisfile.h; path = ../tremor/ivorbisfile.h; sourceTree = SOURCE_ROOT; };
		61DB17F7148BA9A9004A67B8 /* lsp_lookup.h */ = {isa = PBXFileReference; fileEncoding = 4; lastKnownFileType = sourcecode.c.h; name = lsp_lookup.h; path = ../tremor/lsp_lookup.h; sourceTree = SOURCE_ROOT; };
		61DB17F8148BA9A9004A67B8 /* mapping0.c */ = {isa = PBXFileReference; fileEncoding = 4; lastKnownFileType = sourcecode.c.c; name = mapping0.c; path = ../tremor/mapping0.c; sourceTree = SOURCE_ROOT; };
		61DB17F9148BA9A9004A67B8 /* mdct_lookup.h */ = {isa = PBXFileReference; fileEncoding = 4; lastKnownFileType = sourcecode.c.h; name = mdct_lookup.h; path = ../tremor/mdct_lookup.h; sourceTree = SOURCE_ROOT; };
		61DB17FA148BA9A9004A67B8 /* mdct.c */ = {isa = PBXFileReference; fileEncoding = 4; lastKnownFileType = sourcecode.c.c; name = mdct.c; path = ../tremor/mdct.c; sourceTree = SOURCE_ROOT; };
		61DB17FB148BA9A9004A67B8 /* mdct.h */ = {isa = PBXFileReference; fileEncoding = 4; lastKnownFileType = sourcecode.c.h; name = mdct.h; path = ../tremor/mdct.h; sourceTree = SOURCE_ROOT; };
		61DB17FC148BA9A9004A67B8 /* misc.h */ = {isa = PBXFileReference; fileEncoding = 4; lastKnownFileType = sourcecode.c.h; name = misc.h; path = ../tremor/misc.h; sourceTree = SOURCE_ROOT; };
		61DB17FD148BA9A9004A67B8 /* ogg.h */ = {isa = PBXFileReference; fileEncoding = 4; lastKnownFileType = sourcecode.c.h; name = ogg.h; path = ../tremor/ogg.h; sourceTree = SOURCE_ROOT; };
		61DB17FE148BA9A9004A67B8 /* os_types.h */ = {isa = PBXFileReference; fileEncoding = 4; lastKnownFileType = sourcecode.c.h; name = os_types.h; path = ../tremor/os_types.h; sourceTree = SOURCE_ROOT; };
		61DB17FF148BA9A9004A67B8 /* os.h */ = {isa = PBXFileReference; fileEncoding = 4; lastKnownFileType = sourcecode.c.h; name = os.h; path = ../tremor/os.h; sourceTree = SOURCE_ROOT; };
		61DB1800148BA9A9004A67B8 /* registry.c */ = {isa = PBXFileReference; fileEncoding = 4; lastKnownFileType = sourcecode.c.c; name = registry.c; path = ../tremor/registry.c; sourceTree = SOURCE_ROOT; };
		61DB1801148BA9A9004A67B8 /* registry.h */ = {isa = PBXFileReference; fileEncoding = 4; lastKnownFileType = sourcecode.c.h; name = registry.h; path = ../tremor/registry.h; sourceTree = SOURCE_ROOT; };
		61DB1802148BA9A9004A67B8 /* res012.c */ = {isa = PBXFileReference; fileEncoding = 4; lastKnownFileType = sourcecode.c.c; name = res012.c; path = ../tremor/res012.c; sourceTree = SOURCE_ROOT; };
		61DB1803148BA9A9004A67B8 /* sharedbook.c */ = {isa = PBXFileReference; fileEncoding = 4; lastKnownFileType = sourcecode.c.c; name = sharedbook.c; path = ../tremor/sharedbook.c; sourceTree = SOURCE_ROOT; };
		61DB1804148BA9A9004A67B8 /* synthesis.c */ = {isa = PBXFileReference; fileEncoding = 4; lastKnownFileType = sourcecode.c.c; name = synthesis.c; path = ../tremor/synthesis.c; sourceTree = SOURCE_ROOT; };
		61DB1805148BA9A9004A67B8 /* vorbisfile.c */ = {isa = PBXFileReference; fileEncoding = 4; lastKnownFileType = sourcecode.c.c; name = vorbisfile.c; path = ../tremor/vorbisfile.c; sourceTree = SOURCE_ROOT; };
		61DB1806148BA9A9004A67B8 /* window_lookup.h */ = {isa = PBXFileReference; fileEncoding = 4; lastKnownFileType = sourcecode.c.h; name = window_lookup.h; path = ../tremor/window_lookup.h; sourceTree = SOURCE_ROOT; };
		61DB1807148BA9A9004A67B8 /* window.c */ = {isa = PBXFileReference; fileEncoding = 4; lastKnownFileType = sourcecode.c.c; name = window.c; path = ../tremor/window.c; sourceTree = SOURCE_ROOT; };
		61DB1808148BA9A9004A67B8 /* window.h */ = {isa = PBXFileReference; fileEncoding = 4; lastKnownFileType = sourcecode.c.h; name = window.h; path = ../tremor/window.h; sourceTree = SOURCE_ROOT; };
		AA747D9E0F9514B9006C5449 /* Tremor_Prefix.pch */ = {isa = PBXFileReference; fileEncoding = 4; lastKnownFileType = sourcecode.c.h; path = Tremor_Prefix.pch; sourceTree = SOURCE_ROOT; };
		AACBBE490F95108600F1A2B1 /* Foundation.framework */ = {isa = PBXFileReference; lastKnownFileType = wrapper.framework; name = Foundation.framework; path = System/Library/Frameworks/Foundation.framework; sourceTree = SDKROOT; };
		D2AAC07E0554694100DB518D /* libTremor.a */ = {isa = PBXFileReference; explicitFileType = archive.ar; includeInIndex = 0; path = libTremor.a; sourceTree = BUILT_PRODUCTS_DIR; };
/* End PBXFileReference section */

/* Begin PBXFrameworksBuildPhase section */
		D2AAC07C0554694100DB518D /* Frameworks */ = {
			isa = PBXFrameworksBuildPhase;
			buildActionMask = 2147483647;
			files = (
				AACBBE4A0F95108600F1A2B1 /* Foundation.framework in Frameworks */,
			);
			runOnlyForDeploymentPostprocessing = 0;
		};
/* End PBXFrameworksBuildPhase section */

/* Begin PBXGroup section */
		034768DFFF38A50411DB9C8B /* Products */ = {
			isa = PBXGroup;
			children = (
				D2AAC07E0554694100DB518D /* libTremor.a */,
			);
			name = Products;
			sourceTree = "<group>";
		};
		0867D691FE84028FC02AAC07 /* Tremor */ = {
			isa = PBXGroup;
			children = (
				08FB77AEFE84172EC02AAC07 /* Sources */,
				32C88DFF0371C24200C91783 /* Other Sources */,
				0867D69AFE84028FC02AAC07 /* Frameworks */,
				034768DFFF38A50411DB9C8B /* Products */,
			);
			name = Tremor;
			sourceTree = "<group>";
		};
		0867D69AFE84028FC02AAC07 /* Frameworks */ = {
			isa = PBXGroup;
			children = (
				AACBBE490F95108600F1A2B1 /* Foundation.framework */,
			);
			name = Frameworks;
			sourceTree = "<group>";
		};
		08FB77AEFE84172EC02AAC07 /* Sources */ = {
			isa = PBXGroup;
			children = (
				61DB17E7148BA9A9004A67B8 /* asm_arm.h */,
				61DB17E8148BA9A9004A67B8 /* backends.h */,
				61DB17E9148BA9A9004A67B8 /* bitwise.c */,
				61DB17EA148BA9A9004A67B8 /* block.c */,
				61DB17EB148BA9A9004A67B8 /* block.h */,
				61DB17EC148BA9A9004A67B8 /* codebook.c */,
				61DB17ED148BA9A9004A67B8 /* codebook.h */,
				61DB17EE148BA9A9004A67B8 /* codec_internal.h */,
				61DB17EF148BA9A9004A67B8 /* config_types.h */,
				61DB17F0148BA9A9004A67B8 /* floor0.c */,
				61DB17F1148BA9A9004A67B8 /* floor1.c */,
				61DB17F2148BA9A9004A67B8 /* framing.c */,
				61DB17F3148BA9A9004A67B8 /* info.c */,
				61DB17F4148BA9A9004A67B8 /* ivorbiscodec.h */,
				61DB17F6148BA9A9004A67B8 /* ivorbisfile.h */,
				61DB17F7148BA9A9004A67B8 /* lsp_lookup.h */,
				61DB17F8148BA9A9004A67B8 /* mapping0.c */,
				61DB17F9148BA9A9004A67B8 /* mdct_lookup.h */,
				61DB17FA148BA9A9004A67B8 /* mdct.c */,
				61DB17FB148BA9A9004A67B8 /* mdct.h */,
				61DB17FC148BA9A9004A67B8 /* misc.h */,
				61DB17FD148BA9A9004A67B8 /* ogg.h */,
				61DB17FE148BA9A9004A67B8 /* os_types.h */,
				61DB17FF148BA9A9004A67B8 /* os.h */,
				61DB1800148BA9A9004A67B8 /* registry.c */,
				61DB1801148BA9A9004A67B8 /* registry.h */,
				61DB1802148BA9A9004A67B8 /* res012.c */,
				61DB1803148BA9A9004A67B8 /* sharedbook.c */,
				61DB1804148BA9A9004A67B8 /* synthesis.c */,
				61DB1805148BA9A9004A67B8 /* vorbisfile.c */,
				61DB1806148BA9A9004A67B8 /* window_lookup.h */,
				61DB1807148BA9A9004A67B8 /* window.c */,
				61DB1808148BA9A9004A67B8 /* window.h */,
			);
			name = Sources;
			sourceTree = "<group>";
		};
		32C88DFF0371C24200C91783 /* Other Sources */ = {
			isa = PBXGroup;
			children = (
				AA747D9E0F9514B9006C5449 /* Tremor_Prefix.pch */,
			);
			name = "Other Sources";
			sourceTree = "<group>";
		};
/* End PBXGroup section */

/* Begin PBXHeadersBuildPhase section */
		D2AAC07A0554694100DB518D /* Headers */ = {
			isa = PBXHeadersBuildPhase;
			buildActionMask = 2147483647;
			files = (
				AA747D9F0F9514B9006C5449 /* Tremor_Prefix.pch in Headers */,
				61DB1809148BA9A9004A67B8 /* asm_arm.h in Headers */,
				61DB180A148BA9A9004A67B8 /* backends.h in Headers */,
				61DB180D148BA9A9004A67B8 /* block.h in Headers */,
				61DB180F148BA9A9004A67B8 /* codebook.h in Headers */,
				61DB1810148BA9A9004A67B8 /* codec_internal.h in Headers */,
				61DB1811148BA9A9004A67B8 /* config_types.h in Headers */,
				61DB1816148BA9A9004A67B8 /* ivorbiscodec.h in Headers */,
				61DB1818148BA9A9004A67B8 /* ivorbisfile.h in Headers */,
				61DB1819148BA9A9004A67B8 /* lsp_lookup.h in Headers */,
				61DB181B148BA9A9004A67B8 /* mdct_lookup.h in Headers */,
				61DB181D148BA9A9004A67B8 /* mdct.h in Headers */,
				61DB181E148BA9A9004A67B8 /* misc.h in Headers */,
				61DB181F148BA9A9004A67B8 /* ogg.h in Headers */,
				61DB1820148BA9A9004A67B8 /* os_types.h in Headers */,
				61DB1821148BA9A9004A67B8 /* os.h in Headers */,
				61DB1823148BA9A9004A67B8 /* registry.h in Headers */,
				61DB1828148BA9A9004A67B8 /* window_lookup.h in Headers */,
				61DB182A148BA9A9004A67B8 /* window.h in Headers */,
			);
			runOnlyForDeploymentPostprocessing = 0;
		};
/* End PBXHeadersBuildPhase section */

/* Begin PBXNativeTarget section */
		D2AAC07D0554694100DB518D /* libTremor */ = {
			isa = PBXNativeTarget;
			buildConfigurationList = 1DEB921E08733DC00010E9CD /* Build configuration list for PBXNativeTarget "libTremor" */;
			buildPhases = (
				D2AAC07A0554694100DB518D /* Headers */,
				D2AAC07B0554694100DB518D /* Sources */,
				D2AAC07C0554694100DB518D /* Frameworks */,
			);
			buildRules = (
			);
			dependencies = (
			);
			name = libTremor;
			productName = Tremor;
			productReference = D2AAC07E0554694100DB518D /* libTremor.a */;
			productType = "com.apple.product-type.library.static";
		};
/* End PBXNativeTarget section */

/* Begin PBXProject section */
		0867D690FE84028FC02AAC07 /* Project object */ = {
			isa = PBXProject;
			buildConfigurationList = 1DEB922208733DC00010E9CD /* Build configuration list for PBXProject "Tremor" */;
			compatibilityVersion = "Xcode 3.1";
			developmentRegion = English;
			hasScannedForEncodings = 1;
			knownRegions = (
				English,
				Japanese,
				French,
				German,
			);
			mainGroup = 0867D691FE84028FC02AAC07 /* Tremor */;
			productRefGroup = 034768DFFF38A50411DB9C8B /* Products */;
			projectDirPath = "";
			projectRoot = "";
			targets = (
				D2AAC07D0554694100DB518D /* libTremor */,
			);
		};
/* End PBXProject section */

/* Begin PBXSourcesBuildPhase section */
		D2AAC07B0554694100DB518D /* Sources */ = {
			isa = PBXSourcesBuildPhase;
			buildActionMask = 2147483647;
			files = (
				61DB180B148BA9A9004A67B8 /* bitwise.c in Sources */,
				61DB180C148BA9A9004A67B8 /* block.c in Sources */,
				61DB180E148BA9A9004A67B8 /* codebook.c in Sources */,
				61DB1812148BA9A9004A67B8 /* floor0.c in Sources */,
				61DB1813148BA9A9004A67B8 /* floor1.c in Sources */,
				61DB1814148BA9A9004A67B8 /* framing.c in Sources */,
				61DB1815148BA9A9004A67B8 /* info.c in Sources */,
				61DB181A148BA9A9004A67B8 /* mapping0.c in Sources */,
				61DB181C148BA9A9004A67B8 /* mdct.c in Sources */,
				61DB1822148BA9A9004A67B8 /* registry.c in Sources */,
				61DB1824148BA9A9004A67B8 /* res012.c in Sources */,
				61DB1825148BA9A9004A67B8 /* sharedbook.c in Sources */,
				61DB1826148BA9A9004A67B8 /* synthesis.c in Sources */,
				61DB1827148BA9A9004A67B8 /* vorbisfile.c in Sources */,
				61DB1829148BA9A9004A67B8 /* window.c in Sources */,
			);
			runOnlyForDeploymentPostprocessing = 0;
		};
/* End PBXSourcesBuildPhase section */

/* Begin XCBuildConfiguration section */
		1DEB921F08733DC00010E9CD /* Debug */ = {
			isa = XCBuildConfiguration;
			buildSettings = {
				ALWAYS_SEARCH_USER_PATHS = NO;
				ARCHS = "$(ARCHS_STANDARD_32_BIT)";
				COPY_PHASE_STRIP = NO;
				DSTROOT = /tmp/Tremor.dst;
				GCC_DYNAMIC_NO_PIC = NO;
				GCC_ENABLE_FIX_AND_CONTINUE = YES;
				GCC_MODEL_TUNING = G5;
				GCC_OPTIMIZATION_LEVEL = 0;
				GCC_PRECOMPILE_PREFIX_HEADER = YES;
				GCC_PREFIX_HEADER = Tremor_Prefix.pch;
				INSTALL_PATH = /usr/local/lib;
				PRODUCT_NAME = Tremor;
			};
			name = Debug;
		};
		1DEB922008733DC00010E9CD /* Release */ = {
			isa = XCBuildConfiguration;
			buildSettings = {
				ALWAYS_SEARCH_USER_PATHS = NO;
				ARCHS = "$(ARCHS_STANDARD_32_BIT)";
				DSTROOT = /tmp/Tremor.dst;
				GCC_MODEL_TUNING = G5;
				GCC_PRECOMPILE_PREFIX_HEADER = YES;
				GCC_PREFIX_HEADER = Tremor_Prefix.pch;
				INSTALL_PATH = /usr/local/lib;
				PRODUCT_NAME = Tremor;
			};
			name = Release;
		};
		1DEB922308733DC00010E9CD /* Debug */ = {
			isa = XCBuildConfiguration;
			buildSettings = {
				ARCHS = "$(ARCHS_STANDARD_32_BIT)";
				GCC_C_LANGUAGE_STANDARD = c99;
				GCC_OPTIMIZATION_LEVEL = 0;
				GCC_THUMB_SUPPORT = NO;
				GCC_VERSION = com.apple.compilers.llvm.clang.1_0;
				GCC_WARN_ABOUT_RETURN_TYPE = YES;
				GCC_WARN_UNUSED_VARIABLE = YES;
				IPHONEOS_DEPLOYMENT_TARGET = 3.0;
				OTHER_LDFLAGS = "-ObjC";
				PREBINDING = NO;
				SDKROOT = iphoneos;
				TARGETED_DEVICE_FAMILY = "1,2";
			};
			name = Debug;
		};
		1DEB922408733DC00010E9CD /* Release */ = {
			isa = XCBuildConfiguration;
			buildSettings = {
				ARCHS = "$(ARCHS_STANDARD_32_BIT)";
				GCC_C_LANGUAGE_STANDARD = c99;
				GCC_FAST_MATH = YES;
				GCC_THUMB_SUPPORT = NO;
				GCC_VERSION = com.apple.compilers.llvm.clang.1_0;
				GCC_WARN_ABOUT_RETURN_TYPE = YES;
				GCC_WARN_UNUSED_VARIABLE = YES;
				IPHONEOS_DEPLOYMENT_TARGET = 3.0;
				OTHER_LDFLAGS = "-ObjC";
				PREBINDING = NO;
				SDKROOT = iphoneos;
				TARGETED_DEVICE_FAMILY = "1,2";
			};
			name = Release;
		};
/* End XCBuildConfiguration section */

/* Begin XCConfigurationList section */
		1DEB921E08733DC00010E9CD /* Build configuration list for PBXNativeTarget "libTremor" */ = {
			isa = XCConfigurationList;
			buildConfigurations = (
				1DEB921F08733DC00010E9CD /* Debug */,
				1DEB922008733DC00010E9CD /* Release */,
			);
			defaultConfigurationIsVisible = 0;
			defaultConfigurationName = Release;
		};
		1DEB922208733DC00010E9CD /* Build configuration list for PBXProject "Tremor" */ = {
			isa = XCConfigurationList;
			buildConfigurations = (
				1DEB922308733DC00010E9CD /* Debug */,
				1DEB922408733DC00010E9CD /* Release */,
			);
			defaultConfigurationIsVisible = 0;
			defaultConfigurationName = Release;
		};
/* End XCConfigurationList section */
	};
	rootObject = 0867D690FE84028FC02AAC07 /* Project object */;
}
