// !$*UTF8*$!
{
	archiveVersion = 1;
	classes = {
	};
	objectVersion = 45;
	objects = {

/* Begin PBXBuildFile section */
		61958DC31364B72000B429B6 /* asm_arm.h in Headers */ = {isa = PBXBuildFile; fileRef = 61958DA61364B72000B429B6 /* asm_arm.h */; };
		61958DC41364B72000B429B6 /* backends.h in Headers */ = {isa = PBXBuildFile; fileRef = 61958DA71364B72000B429B6 /* backends.h */; };
		61958DC51364B72000B429B6 /* block.c in Sources */ = {isa = PBXBuildFile; fileRef = 61958DA81364B72000B429B6 /* block.c */; };
		61958DC61364B72000B429B6 /* block.h in Headers */ = {isa = PBXBuildFile; fileRef = 61958DA91364B72000B429B6 /* block.h */; };
		61958DC71364B72000B429B6 /* codebook.c in Sources */ = {isa = PBXBuildFile; fileRef = 61958DAA1364B72000B429B6 /* codebook.c */; };
		61958DC81364B72000B429B6 /* codebook.h in Headers */ = {isa = PBXBuildFile; fileRef = 61958DAB1364B72000B429B6 /* codebook.h */; };
		61958DC91364B72000B429B6 /* codec_internal.h in Headers */ = {isa = PBXBuildFile; fileRef = 61958DAC1364B72000B429B6 /* codec_internal.h */; };
		61958DCA1364B72000B429B6 /* config_types.h in Headers */ = {isa = PBXBuildFile; fileRef = 61958DAD1364B72000B429B6 /* config_types.h */; };
		61958DCB1364B72000B429B6 /* floor0.c in Sources */ = {isa = PBXBuildFile; fileRef = 61958DAE1364B72000B429B6 /* floor0.c */; };
		61958DCC1364B72000B429B6 /* floor1.c in Sources */ = {isa = PBXBuildFile; fileRef = 61958DAF1364B72000B429B6 /* floor1.c */; };
		61958DCD1364B72000B429B6 /* info.c in Sources */ = {isa = PBXBuildFile; fileRef = 61958DB01364B72000B429B6 /* info.c */; };
		61958DCE1364B72000B429B6 /* ivorbiscodec.h in Headers */ = {isa = PBXBuildFile; fileRef = 61958DB11364B72000B429B6 /* ivorbiscodec.h */; };
		61958DCF1364B72000B429B6 /* ivorbisfile.h in Headers */ = {isa = PBXBuildFile; fileRef = 61958DB21364B72000B429B6 /* ivorbisfile.h */; };
		61958DD01364B72000B429B6 /* lsp_lookup.h in Headers */ = {isa = PBXBuildFile; fileRef = 61958DB31364B72000B429B6 /* lsp_lookup.h */; };
		61958DD11364B72000B429B6 /* mapping0.c in Sources */ = {isa = PBXBuildFile; fileRef = 61958DB41364B72000B429B6 /* mapping0.c */; };
		61958DD21364B72000B429B6 /* mdct_lookup.h in Headers */ = {isa = PBXBuildFile; fileRef = 61958DB51364B72000B429B6 /* mdct_lookup.h */; };
		61958DD31364B72000B429B6 /* mdct.c in Sources */ = {isa = PBXBuildFile; fileRef = 61958DB61364B72000B429B6 /* mdct.c */; };
		61958DD41364B72000B429B6 /* mdct.h in Headers */ = {isa = PBXBuildFile; fileRef = 61958DB71364B72000B429B6 /* mdct.h */; };
		61958DD51364B72000B429B6 /* misc.h in Headers */ = {isa = PBXBuildFile; fileRef = 61958DB81364B72000B429B6 /* misc.h */; };
		61958DD61364B72000B429B6 /* os.h in Headers */ = {isa = PBXBuildFile; fileRef = 61958DB91364B72000B429B6 /* os.h */; };
		61958DD71364B72000B429B6 /* registry.c in Sources */ = {isa = PBXBuildFile; fileRef = 61958DBA1364B72000B429B6 /* registry.c */; };
		61958DD81364B72000B429B6 /* registry.h in Headers */ = {isa = PBXBuildFile; fileRef = 61958DBB1364B72000B429B6 /* registry.h */; };
		61958DD91364B72000B429B6 /* res012.c in Sources */ = {isa = PBXBuildFile; fileRef = 61958DBC1364B72000B429B6 /* res012.c */; };
		61958DDA1364B72000B429B6 /* sharedbook.c in Sources */ = {isa = PBXBuildFile; fileRef = 61958DBD1364B72000B429B6 /* sharedbook.c */; };
		61958DDB1364B72000B429B6 /* synthesis.c in Sources */ = {isa = PBXBuildFile; fileRef = 61958DBE1364B72000B429B6 /* synthesis.c */; };
		61958DDC1364B72000B429B6 /* vorbisfile.c in Sources */ = {isa = PBXBuildFile; fileRef = 61958DBF1364B72000B429B6 /* vorbisfile.c */; };
		61958DDD1364B72000B429B6 /* window_lookup.h in Headers */ = {isa = PBXBuildFile; fileRef = 61958DC01364B72000B429B6 /* window_lookup.h */; };
		61958DDE1364B72000B429B6 /* window.c in Sources */ = {isa = PBXBuildFile; fileRef = 61958DC11364B72000B429B6 /* window.c */; };
		61958DDF1364B72000B429B6 /* window.h in Headers */ = {isa = PBXBuildFile; fileRef = 61958DC21364B72000B429B6 /* window.h */; };
		61958DFC1364B84300B429B6 /* os_types.h in Headers */ = {isa = PBXBuildFile; fileRef = 61958DFB1364B84300B429B6 /* os_types.h */; };
		61958E0E1364B89700B429B6 /* ogg.h in Headers */ = {isa = PBXBuildFile; fileRef = 61958E0D1364B89700B429B6 /* ogg.h */; };
		619598391364BDCC00B429B6 /* framing.c in Sources */ = {isa = PBXBuildFile; fileRef = 619598381364BDCC00B429B6 /* framing.c */; };
		619598411364BE7F00B429B6 /* bitwise.c in Sources */ = {isa = PBXBuildFile; fileRef = 619598401364BE7F00B429B6 /* bitwise.c */; };
		AA747D9F0F9514B9006C5449 /* Tremor_Prefix.pch in Headers */ = {isa = PBXBuildFile; fileRef = AA747D9E0F9514B9006C5449 /* Tremor_Prefix.pch */; };
		AACBBE4A0F95108600F1A2B1 /* Foundation.framework in Frameworks */ = {isa = PBXBuildFile; fileRef = AACBBE490F95108600F1A2B1 /* Foundation.framework */; };
/* End PBXBuildFile section */

/* Begin PBXFileReference section */
		61958DA61364B72000B429B6 /* asm_arm.h */ = {isa = PBXFileReference; fileEncoding = 4; lastKnownFileType = sourcecode.c.h; name = asm_arm.h; path = ../asm_arm.h; sourceTree = SOURCE_ROOT; };
		61958DA71364B72000B429B6 /* backends.h */ = {isa = PBXFileReference; fileEncoding = 4; lastKnownFileType = sourcecode.c.h; name = backends.h; path = ../backends.h; sourceTree = SOURCE_ROOT; };
		61958DA81364B72000B429B6 /* block.c */ = {isa = PBXFileReference; fileEncoding = 4; lastKnownFileType = sourcecode.c.c; name = block.c; path = ../block.c; sourceTree = SOURCE_ROOT; };
		61958DA91364B72000B429B6 /* block.h */ = {isa = PBXFileReference; fileEncoding = 4; lastKnownFileType = sourcecode.c.h; name = block.h; path = ../block.h; sourceTree = SOURCE_ROOT; };
		61958DAA1364B72000B429B6 /* codebook.c */ = {isa = PBXFileReference; fileEncoding = 4; lastKnownFileType = sourcecode.c.c; name = codebook.c; path = ../codebook.c; sourceTree = SOURCE_ROOT; };
		61958DAB1364B72000B429B6 /* codebook.h */ = {isa = PBXFileReference; fileEncoding = 4; lastKnownFileType = sourcecode.c.h; name = codebook.h; path = ../codebook.h; sourceTree = SOURCE_ROOT; };
		61958DAC1364B72000B429B6 /* codec_internal.h */ = {isa = PBXFileReference; fileEncoding = 4; lastKnownFileType = sourcecode.c.h; name = codec_internal.h; path = ../codec_internal.h; sourceTree = SOURCE_ROOT; };
		61958DAD1364B72000B429B6 /* config_types.h */ = {isa = PBXFileReference; fileEncoding = 4; lastKnownFileType = sourcecode.c.h; name = config_types.h; path = ../config_types.h; sourceTree = SOURCE_ROOT; };
		61958DAE1364B72000B429B6 /* floor0.c */ = {isa = PBXFileReference; fileEncoding = 4; lastKnownFileType = sourcecode.c.c; name = floor0.c; path = ../floor0.c; sourceTree = SOURCE_ROOT; };
		61958DAF1364B72000B429B6 /* floor1.c */ = {isa = PBXFileReference; fileEncoding = 4; lastKnownFileType = sourcecode.c.c; name = floor1.c; path = ../floor1.c; sourceTree = SOURCE_ROOT; };
		61958DB01364B72000B429B6 /* info.c */ = {isa = PBXFileReference; fileEncoding = 4; lastKnownFileType = sourcecode.c.c; name = info.c; path = ../info.c; sourceTree = SOURCE_ROOT; };
		61958DB11364B72000B429B6 /* ivorbiscodec.h */ = {isa = PBXFileReference; fileEncoding = 4; lastKnownFileType = sourcecode.c.h; name = ivorbiscodec.h; path = ../ivorbiscodec.h; sourceTree = SOURCE_ROOT; };
		61958DB21364B72000B429B6 /* ivorbisfile.h */ = {isa = PBXFileReference; fileEncoding = 4; lastKnownFileType = sourcecode.c.h; name = ivorbisfile.h; path = ../ivorbisfile.h; sourceTree = SOURCE_ROOT; };
		61958DB31364B72000B429B6 /* lsp_lookup.h */ = {isa = PBXFileReference; fileEncoding = 4; lastKnownFileType = sourcecode.c.h; name = lsp_lookup.h; path = ../lsp_lookup.h; sourceTree = SOURCE_ROOT; };
		61958DB41364B72000B429B6 /* mapping0.c */ = {isa = PBXFileReference; fileEncoding = 4; lastKnownFileType = sourcecode.c.c; name = mapping0.c; path = ../mapping0.c; sourceTree = SOURCE_ROOT; };
		61958DB51364B72000B429B6 /* mdct_lookup.h */ = {isa = PBXFileReference; fileEncoding = 4; lastKnownFileType = sourcecode.c.h; name = mdct_lookup.h; path = ../mdct_lookup.h; sourceTree = SOURCE_ROOT; };
		61958DB61364B72000B429B6 /* mdct.c */ = {isa = PBXFileReference; fileEncoding = 4; lastKnownFileType = sourcecode.c.c; name = mdct.c; path = ../mdct.c; sourceTree = SOURCE_ROOT; };
		61958DB71364B72000B429B6 /* mdct.h */ = {isa = PBXFileReference; fileEncoding = 4; lastKnownFileType = sourcecode.c.h; name = mdct.h; path = ../mdct.h; sourceTree = SOURCE_ROOT; };
		61958DB81364B72000B429B6 /* misc.h */ = {isa = PBXFileReference; fileEncoding = 4; lastKnownFileType = sourcecode.c.h; name = misc.h; path = ../misc.h; sourceTree = SOURCE_ROOT; };
		61958DB91364B72000B429B6 /* os.h */ = {isa = PBXFileReference; fileEncoding = 4; lastKnownFileType = sourcecode.c.h; name = os.h; path = ../os.h; sourceTree = SOURCE_ROOT; };
		61958DBA1364B72000B429B6 /* registry.c */ = {isa = PBXFileReference; fileEncoding = 4; lastKnownFileType = sourcecode.c.c; name = registry.c; path = ../registry.c; sourceTree = SOURCE_ROOT; };
		61958DBB1364B72000B429B6 /* registry.h */ = {isa = PBXFileReference; fileEncoding = 4; lastKnownFileType = sourcecode.c.h; name = registry.h; path = ../registry.h; sourceTree = SOURCE_ROOT; };
		61958DBC1364B72000B429B6 /* res012.c */ = {isa = PBXFileReference; fileEncoding = 4; lastKnownFileType = sourcecode.c.c; name = res012.c; path = ../res012.c; sourceTree = SOURCE_ROOT; };
		61958DBD1364B72000B429B6 /* sharedbook.c */ = {isa = PBXFileReference; fileEncoding = 4; lastKnownFileType = sourcecode.c.c; name = sharedbook.c; path = ../sharedbook.c; sourceTree = SOURCE_ROOT; };
		61958DBE1364B72000B429B6 /* synthesis.c */ = {isa = PBXFileReference; fileEncoding = 4; lastKnownFileType = sourcecode.c.c; name = synthesis.c; path = ../synthesis.c; sourceTree = SOURCE_ROOT; };
		61958DBF1364B72000B429B6 /* vorbisfile.c */ = {isa = PBXFileReference; fileEncoding = 4; lastKnownFileType = sourcecode.c.c; name = vorbisfile.c; path = ../vorbisfile.c; sourceTree = SOURCE_ROOT; };
		61958DC01364B72000B429B6 /* window_lookup.h */ = {isa = PBXFileReference; fileEncoding = 4; lastKnownFileType = sourcecode.c.h; name = window_lookup.h; path = ../window_lookup.h; sourceTree = SOURCE_ROOT; };
		61958DC11364B72000B429B6 /* window.c */ = {isa = PBXFileReference; fileEncoding = 4; lastKnownFileType = sourcecode.c.c; name = window.c; path = ../window.c; sourceTree = SOURCE_ROOT; };
		61958DC21364B72000B429B6 /* window.h */ = {isa = PBXFileReference; fileEncoding = 4; lastKnownFileType = sourcecode.c.h; name = window.h; path = ../window.h; sourceTree = SOURCE_ROOT; };
		61958DFB1364B84300B429B6 /* os_types.h */ = {isa = PBXFileReference; fileEncoding = 4; lastKnownFileType = sourcecode.c.h; name = os_types.h; path = ../../../../Library/cocos2d/external/Tremor/os_types.h; sourceTree = SOURCE_ROOT; };
		61958E0D1364B89700B429B6 /* ogg.h */ = {isa = PBXFileReference; fileEncoding = 4; lastKnownFileType = sourcecode.c.h; name = ogg.h; path = ../ogg.h; sourceTree = SOURCE_ROOT; };
		619598381364BDCC00B429B6 /* framing.c */ = {isa = PBXFileReference; fileEncoding = 4; lastKnownFileType = sourcecode.c.c; name = framing.c; path = ../framing.c; sourceTree = "<group>"; };
		619598401364BE7F00B429B6 /* bitwise.c */ = {isa = PBXFileReference; fileEncoding = 4; lastKnownFileType = sourcecode.c.c; name = bitwise.c; path = ../bitwise.c; sourceTree = "<group>"; };
		AA747D9E0F9514B9006C5449 /* Tremor_Prefix.pch */ = {isa = PBXFileReference; fileEncoding = 4; lastKnownFileType = sourcecode.c.h; path = Tremor_Prefix.pch; sourceTree = SOURCE_ROOT; };
		AACBBE490F95108600F1A2B1 /* Foundation.framework */ = {isa = PBXFileReference; lastKnownFileType = wrapper.framework; name = Foundation.framework; path = System/Library/Frameworks/Foundation.framework; sourceTree = SDKROOT; };
		D2AAC07E0554694100DB518D /* libTremor.a */ = {isa = PBXFileReference; explicitFileType = archive.ar; includeInIndex = 0; path = libTremor.a; sourceTree = BUILT_PRODUCTS_DIR; };
/* End PBXFileReference section */

/* Begin PBXFrameworksBuildPhase section */
		D2AAC07C0554694100DB518D /* Frameworks */ = {
			isa = PBXFrameworksBuildPhase;
			buildActionMask = 2147483647;
			files = (
				AACBBE4A0F95108600F1A2B1 /* Foundation.framework in Frameworks */,
			);
			runOnlyForDeploymentPostprocessing = 0;
		};
/* End PBXFrameworksBuildPhase section */

/* Begin PBXGroup section */
		034768DFFF38A50411DB9C8B /* Products */ = {
			isa = PBXGroup;
			children = (
				D2AAC07E0554694100DB518D /* libTremor.a */,
			);
			name = Products;
			sourceTree = "<group>";
		};
		0867D691FE84028FC02AAC07 /* Tremor */ = {
			isa = PBXGroup;
			children = (
				08FB77AEFE84172EC02AAC07 /* Sources */,
				32C88DFF0371C24200C91783 /* Other Sources */,
				0867D69AFE84028FC02AAC07 /* Frameworks */,
				034768DFFF38A50411DB9C8B /* Products */,
			);
			name = Tremor;
			sourceTree = "<group>";
		};
		0867D69AFE84028FC02AAC07 /* Frameworks */ = {
			isa = PBXGroup;
			children = (
				AACBBE490F95108600F1A2B1 /* Foundation.framework */,
			);
			name = Frameworks;
			sourceTree = "<group>";
		};
		08FB77AEFE84172EC02AAC07 /* Sources */ = {
			isa = PBXGroup;
			children = (
				619598401364BE7F00B429B6 /* bitwise.c */,
				619598381364BDCC00B429B6 /* framing.c */,
				61958DA61364B72000B429B6 /* asm_arm.h */,
				61958DA71364B72000B429B6 /* backends.h */,
				61958DA81364B72000B429B6 /* block.c */,
				61958DA91364B72000B429B6 /* block.h */,
				61958DAA1364B72000B429B6 /* codebook.c */,
				61958DAB1364B72000B429B6 /* codebook.h */,
				61958DAC1364B72000B429B6 /* codec_internal.h */,
				61958DAD1364B72000B429B6 /* config_types.h */,
				61958DAE1364B72000B429B6 /* floor0.c */,
				61958DAF1364B72000B429B6 /* floor1.c */,
				61958DB01364B72000B429B6 /* info.c */,
				61958DB11364B72000B429B6 /* ivorbiscodec.h */,
				61958DB21364B72000B429B6 /* ivorbisfile.h */,
				61958DB31364B72000B429B6 /* lsp_lookup.h */,
				61958DB41364B72000B429B6 /* mapping0.c */,
				61958DB51364B72000B429B6 /* mdct_lookup.h */,
				61958DB61364B72000B429B6 /* mdct.c */,
				61958DB71364B72000B429B6 /* mdct.h */,
				61958DB81364B72000B429B6 /* misc.h */,
				61958E0D1364B89700B429B6 /* ogg.h */,
				61958DB91364B72000B429B6 /* os.h */,
				61958DFB1364B84300B429B6 /* os_types.h */,
				61958DBA1364B72000B429B6 /* registry.c */,
				61958DBB1364B72000B429B6 /* registry.h */,
				61958DBC1364B72000B429B6 /* res012.c */,
				61958DBD1364B72000B429B6 /* sharedbook.c */,
				61958DBE1364B72000B429B6 /* synthesis.c */,
				61958DBF1364B72000B429B6 /* vorbisfile.c */,
				61958DC01364B72000B429B6 /* window_lookup.h */,
				61958DC11364B72000B429B6 /* window.c */,
				61958DC21364B72000B429B6 /* window.h */,
			);
			name = Sources;
			sourceTree = "<group>";
		};
		32C88DFF0371C24200C91783 /* Other Sources */ = {
			isa = PBXGroup;
			children = (
				AA747D9E0F9514B9006C5449 /* Tremor_Prefix.pch */,
			);
			name = "Other Sources";
			sourceTree = "<group>";
		};
/* End PBXGroup section */

/* Begin PBXHeadersBuildPhase section */
		D2AAC07A0554694100DB518D /* Headers */ = {
			isa = PBXHeadersBuildPhase;
			buildActionMask = 2147483647;
			files = (
				AA747D9F0F9514B9006C5449 /* Tremor_Prefix.pch in Headers */,
				61958DC31364B72000B429B6 /* asm_arm.h in Headers */,
				61958DC41364B72000B429B6 /* backends.h in Headers */,
				61958DC61364B72000B429B6 /* block.h in Headers */,
				61958DC81364B72000B429B6 /* codebook.h in Headers */,
				61958DC91364B72000B429B6 /* codec_internal.h in Headers */,
				61958DCA1364B72000B429B6 /* config_types.h in Headers */,
				61958DCE1364B72000B429B6 /* ivorbiscodec.h in Headers */,
				61958DCF1364B72000B429B6 /* ivorbisfile.h in Headers */,
				61958DD01364B72000B429B6 /* lsp_lookup.h in Headers */,
				61958DD21364B72000B429B6 /* mdct_lookup.h in Headers */,
				61958DD41364B72000B429B6 /* mdct.h in Headers */,
				61958DD51364B72000B429B6 /* misc.h in Headers */,
				61958DD61364B72000B429B6 /* os.h in Headers */,
				61958DD81364B72000B429B6 /* registry.h in Headers */,
				61958DDD1364B72000B429B6 /* window_lookup.h in Headers */,
				61958DDF1364B72000B429B6 /* window.h in Headers */,
				61958DFC1364B84300B429B6 /* os_types.h in Headers */,
				61958E0E1364B89700B429B6 /* ogg.h in Headers */,
			);
			runOnlyForDeploymentPostprocessing = 0;
		};
/* End PBXHeadersBuildPhase section */

/* Begin PBXNativeTarget section */
		D2AAC07D0554694100DB518D /* libTremor */ = {
			isa = PBXNativeTarget;
			buildConfigurationList = 1DEB921E08733DC00010E9CD /* Build configuration list for PBXNativeTarget "libTremor" */;
			buildPhases = (
				D2AAC07A0554694100DB518D /* Headers */,
				D2AAC07B0554694100DB518D /* Sources */,
				D2AAC07C0554694100DB518D /* Frameworks */,
			);
			buildRules = (
			);
			dependencies = (
			);
			name = libTremor;
			productName = Tremor;
			productReference = D2AAC07E0554694100DB518D /* libTremor.a */;
			productType = "com.apple.product-type.library.static";
		};
/* End PBXNativeTarget section */

/* Begin PBXProject section */
		0867D690FE84028FC02AAC07 /* Project object */ = {
			isa = PBXProject;
			buildConfigurationList = 1DEB922208733DC00010E9CD /* Build configuration list for PBXProject "Tremor" */;
			compatibilityVersion = "Xcode 3.1";
			developmentRegion = English;
			hasScannedForEncodings = 1;
			knownRegions = (
				English,
				Japanese,
				French,
				German,
			);
			mainGroup = 0867D691FE84028FC02AAC07 /* Tremor */;
			productRefGroup = 034768DFFF38A50411DB9C8B /* Products */;
			projectDirPath = "";
			projectRoot = "";
			targets = (
				D2AAC07D0554694100DB518D /* libTremor */,
			);
		};
/* End PBXProject section */

/* Begin PBXSourcesBuildPhase section */
		D2AAC07B0554694100DB518D /* Sources */ = {
			isa = PBXSourcesBuildPhase;
			buildActionMask = 2147483647;
			files = (
				619598411364BE7F00B429B6 /* bitwise.c in Sources */,
				61958DC51364B72000B429B6 /* block.c in Sources */,
				61958DC71364B72000B429B6 /* codebook.c in Sources */,
				619598391364BDCC00B429B6 /* framing.c in Sources */,
				61958DCB1364B72000B429B6 /* floor0.c in Sources */,
				61958DCC1364B72000B429B6 /* floor1.c in Sources */,
				61958DCD1364B72000B429B6 /* info.c in Sources */,
				61958DD11364B72000B429B6 /* mapping0.c in Sources */,
				61958DD31364B72000B429B6 /* mdct.c in Sources */,
				61958DD71364B72000B429B6 /* registry.c in Sources */,
				61958DD91364B72000B429B6 /* res012.c in Sources */,
				61958DDA1364B72000B429B6 /* sharedbook.c in Sources */,
				61958DDB1364B72000B429B6 /* synthesis.c in Sources */,
				61958DDC1364B72000B429B6 /* vorbisfile.c in Sources */,
				61958DDE1364B72000B429B6 /* window.c in Sources */,
			);
			runOnlyForDeploymentPostprocessing = 0;
		};
/* End PBXSourcesBuildPhase section */

/* Begin XCBuildConfiguration section */
		1DEB921F08733DC00010E9CD /* Debug */ = {
			isa = XCBuildConfiguration;
			buildSettings = {
				ALWAYS_SEARCH_USER_PATHS = NO;
				ARCHS = "$(ARCHS_STANDARD_32_BIT)";
				COPY_PHASE_STRIP = NO;
				DSTROOT = /tmp/Tremor.dst;
				GCC_DYNAMIC_NO_PIC = NO;
				GCC_ENABLE_FIX_AND_CONTINUE = YES;
				GCC_MODEL_TUNING = G5;
				GCC_OPTIMIZATION_LEVEL = 0;
				GCC_PRECOMPILE_PREFIX_HEADER = YES;
				GCC_PREFIX_HEADER = Tremor_Prefix.pch;
				INSTALL_PATH = /usr/local/lib;
				PRODUCT_NAME = Tremor;
			};
			name = Debug;
		};
		1DEB922008733DC00010E9CD /* Release */ = {
			isa = XCBuildConfiguration;
			buildSettings = {
				ALWAYS_SEARCH_USER_PATHS = NO;
				ARCHS = "$(ARCHS_STANDARD_32_BIT)";
				DSTROOT = /tmp/Tremor.dst;
				GCC_MODEL_TUNING = G5;
				GCC_PRECOMPILE_PREFIX_HEADER = YES;
				GCC_PREFIX_HEADER = Tremor_Prefix.pch;
				INSTALL_PATH = /usr/local/lib;
				PRODUCT_NAME = Tremor;
			};
			name = Release;
		};
		1DEB922308733DC00010E9CD /* Debug */ = {
			isa = XCBuildConfiguration;
			buildSettings = {
				ARCHS = "$(ARCHS_STANDARD_32_BIT)";
				GCC_C_LANGUAGE_STANDARD = c99;
				GCC_OPTIMIZATION_LEVEL = 0;
				GCC_THUMB_SUPPORT = NO;
				GCC_VERSION = com.apple.compilers.llvm.clang.1_0;
				GCC_WARN_ABOUT_RETURN_TYPE = YES;
				GCC_WARN_UNUSED_VARIABLE = YES;
				IPHONEOS_DEPLOYMENT_TARGET = 4.0;
				OTHER_LDFLAGS = "-ObjC";
				PREBINDING = NO;
				SDKROOT = iphoneos;
				TARGETED_DEVICE_FAMILY = "1,2";
			};
			name = Debug;
		};
		1DEB922408733DC00010E9CD /* Release */ = {
			isa = XCBuildConfiguration;
			buildSettings = {
				ARCHS = "$(ARCHS_STANDARD_32_BIT)";
				GCC_C_LANGUAGE_STANDARD = c99;
				GCC_FAST_MATH = YES;
				GCC_THUMB_SUPPORT = NO;
				GCC_VERSION = com.apple.compilers.llvm.clang.1_0;
				GCC_WARN_ABOUT_RETURN_TYPE = YES;
				GCC_WARN_UNUSED_VARIABLE = YES;
				IPHONEOS_DEPLOYMENT_TARGET = 4.0;
				OTHER_LDFLAGS = "-ObjC";
				PREBINDING = NO;
				SDKROOT = iphoneos;
				TARGETED_DEVICE_FAMILY = "1,2";
			};
			name = Release;
		};
/* End XCBuildConfiguration section */

/* Begin XCConfigurationList section */
		1DEB921E08733DC00010E9CD /* Build configuration list for PBXNativeTarget "libTremor" */ = {
			isa = XCConfigurationList;
			buildConfigurations = (
				1DEB921F08733DC00010E9CD /* Debug */,
				1DEB922008733DC00010E9CD /* Release */,
			);
			defaultConfigurationIsVisible = 0;
			defaultConfigurationName = Release;
		};
		1DEB922208733DC00010E9CD /* Build configuration list for PBXProject "Tremor" */ = {
			isa = XCConfigurationList;
			buildConfigurations = (
				1DEB922308733DC00010E9CD /* Debug */,
				1DEB922408733DC00010E9CD /* Release */,
			);
			defaultConfigurationIsVisible = 0;
			defaultConfigurationName = Release;
		};
/* End XCConfigurationList section */
	};
	rootObject = 0867D690FE84028FC02AAC07 /* Project object */;
}
