// !$*UTF8*$!
{
	archiveVersion = 1;
	classes = {
	};
	objectVersion = 46;
	objects = {

/* Begin PBXBuildFile section */
		617D78F916D932900091D4D6 /* archiver_dir.c in Sources */ = {isa = PBXBuildFile; fileRef = 617D78E816D932900091D4D6 /* archiver_dir.c */; };
		617D78FA16D932900091D4D6 /* archiver_grp.c in Sources */ = {isa = PBXBuildFile; fileRef = 617D78E916D932900091D4D6 /* archiver_grp.c */; };
		617D78FB16D932900091D4D6 /* archiver_hog.c in Sources */ = {isa = PBXBuildFile; fileRef = 617D78EA16D932900091D4D6 /* archiver_hog.c */; };
		617D78FC16D932900091D4D6 /* archiver_iso9660.c in Sources */ = {isa = PBXBuildFile; fileRef = 617D78EB16D932900091D4D6 /* archiver_iso9660.c */; };
		617D78FD16D932900091D4D6 /* archiver_lzma.c in Sources */ = {isa = PBXBuildFile; fileRef = 617D78EC16D932900091D4D6 /* archiver_lzma.c */; };
		617D78FE16D932900091D4D6 /* archiver_mvl.c in Sources */ = {isa = PBXBuildFile; fileRef = 617D78ED16D932900091D4D6 /* archiver_mvl.c */; };
		617D78FF16D932900091D4D6 /* archiver_qpak.c in Sources */ = {isa = PBXBuildFile; fileRef = 617D78EE16D932900091D4D6 /* archiver_qpak.c */; };
		617D790016D932900091D4D6 /* archiver_unpacked.c in Sources */ = {isa = PBXBuildFile; fileRef = 617D78EF16D932900091D4D6 /* archiver_unpacked.c */; };
		617D790116D932900091D4D6 /* archiver_wad.c in Sources */ = {isa = PBXBuildFile; fileRef = 617D78F016D932900091D4D6 /* archiver_wad.c */; };
		617D790216D932900091D4D6 /* archiver_zip.c in Sources */ = {isa = PBXBuildFile; fileRef = 617D78F116D932900091D4D6 /* archiver_zip.c */; };
		617D790316D932900091D4D6 /* physfs_byteorder.c in Sources */ = {isa = PBXBuildFile; fileRef = 617D78F216D932900091D4D6 /* physfs_byteorder.c */; };
		617D790416D932900091D4D6 /* physfs_unicode.c in Sources */ = {isa = PBXBuildFile; fileRef = 617D78F316D932900091D4D6 /* physfs_unicode.c */; };
		617D790516D932900091D4D6 /* physfs.c in Sources */ = {isa = PBXBuildFile; fileRef = 617D78F416D932900091D4D6 /* physfs.c */; };
		617D790616D932900091D4D6 /* platform_macosx.c in Sources */ = {isa = PBXBuildFile; fileRef = 617D78F516D932900091D4D6 /* platform_macosx.c */; };
		617D790716D932900091D4D6 /* platform_posix.c in Sources */ = {isa = PBXBuildFile; fileRef = 617D78F616D932900091D4D6 /* platform_posix.c */; };
		617D790816D932900091D4D6 /* platform_unix.c in Sources */ = {isa = PBXBuildFile; fileRef = 617D78F716D932900091D4D6 /* platform_unix.c */; };
		617D790916D932900091D4D6 /* platform_windows.c in Sources */ = {isa = PBXBuildFile; fileRef = 617D78F816D932900091D4D6 /* platform_windows.c */; };
		617D790F16D932BC0091D4D6 /* physfs_casefolding.h in Headers */ = {isa = PBXBuildFile; fileRef = 617D790A16D932BC0091D4D6 /* physfs_casefolding.h */; };
		617D791016D932BC0091D4D6 /* physfs_internal.h in Headers */ = {isa = PBXBuildFile; fileRef = 617D790B16D932BC0091D4D6 /* physfs_internal.h */; };
		617D791116D932BC0091D4D6 /* physfs_miniz.h in Headers */ = {isa = PBXBuildFile; fileRef = 617D790C16D932BC0091D4D6 /* physfs_miniz.h */; };
		617D791216D932BC0091D4D6 /* physfs_platforms.h in Headers */ = {isa = PBXBuildFile; fileRef = 617D790D16D932BC0091D4D6 /* physfs_platforms.h */; };
		617D791316D932BC0091D4D6 /* physfs.h in Headers */ = {isa = PBXBuildFile; fileRef = 617D790E16D932BC0091D4D6 /* physfs.h */; };
		AA747D9F0F9514B9006C5449 /* Physfs_Prefix.pch in Headers */ = {isa = PBXBuildFile; fileRef = AA747D9E0F9514B9006C5449 /* Physfs_Prefix.pch */; };
		AACBBE4A0F95108600F1A2B1 /* Foundation.framework in Frameworks */ = {isa = PBXBuildFile; fileRef = AACBBE490F95108600F1A2B1 /* Foundation.framework */; };
/* End PBXBuildFile section */

/* Begin PBXFileReference section */
		617D78E716D932600091D4D6 /* libPhysfs.a */ = {isa = PBXFileReference; explicitFileType = archive.ar; includeInIndex = 0; path = libPhysfs.a; sourceTree = BUILT_PRODUCTS_DIR; };
		617D78E816D932900091D4D6 /* archiver_dir.c */ = {isa = PBXFileReference; fileEncoding = 4; lastKnownFileType = sourcecode.c.c; name = archiver_dir.c; path = ../archiver_dir.c; sourceTree = SOURCE_ROOT; };
		617D78E916D932900091D4D6 /* archiver_grp.c */ = {isa = PBXFileReference; fileEncoding = 4; lastKnownFileType = sourcecode.c.c; name = archiver_grp.c; path = ../archiver_grp.c; sourceTree = SOURCE_ROOT; };
		617D78EA16D932900091D4D6 /* archiver_hog.c */ = {isa = PBXFileReference; fileEncoding = 4; lastKnownFileType = sourcecode.c.c; name = archiver_hog.c; path = ../archiver_hog.c; sourceTree = SOURCE_ROOT; };
		617D78EB16D932900091D4D6 /* archiver_iso9660.c */ = {isa = PBXFileReference; fileEncoding = 4; lastKnownFileType = sourcecode.c.c; name = archiver_iso9660.c; path = ../archiver_iso9660.c; sourceTree = SOURCE_ROOT; };
		617D78EC16D932900091D4D6 /* archiver_lzma.c */ = {isa = PBXFileReference; fileEncoding = 4; lastKnownFileType = sourcecode.c.c; name = archiver_lzma.c; path = ../archiver_lzma.c; sourceTree = SOURCE_ROOT; };
		617D78ED16D932900091D4D6 /* archiver_mvl.c */ = {isa = PBXFileReference; fileEncoding = 4; lastKnownFileType = sourcecode.c.c; name = archiver_mvl.c; path = ../archiver_mvl.c; sourceTree = SOURCE_ROOT; };
		617D78EE16D932900091D4D6 /* archiver_qpak.c */ = {isa = PBXFileReference; fileEncoding = 4; lastKnownFileType = sourcecode.c.c; name = archiver_qpak.c; path = ../archiver_qpak.c; sourceTree = SOURCE_ROOT; };
		617D78EF16D932900091D4D6 /* archiver_unpacked.c */ = {isa = PBXFileReference; fileEncoding = 4; lastKnownFileType = sourcecode.c.c; name = archiver_unpacked.c; path = ../archiver_unpacked.c; sourceTree = SOURCE_ROOT; };
		617D78F016D932900091D4D6 /* archiver_wad.c */ = {isa = PBXFileReference; fileEncoding = 4; lastKnownFileType = sourcecode.c.c; name = archiver_wad.c; path = ../archiver_wad.c; sourceTree = SOURCE_ROOT; };
		617D78F116D932900091D4D6 /* archiver_zip.c */ = {isa = PBXFileReference; fileEncoding = 4; lastKnownFileType = sourcecode.c.c; name = archiver_zip.c; path = ../archiver_zip.c; sourceTree = SOURCE_ROOT; };
		617D78F216D932900091D4D6 /* physfs_byteorder.c */ = {isa = PBXFileReference; fileEncoding = 4; lastKnownFileType = sourcecode.c.c; name = physfs_byteorder.c; path = ../physfs_byteorder.c; sourceTree = SOURCE_ROOT; };
		617D78F316D932900091D4D6 /* physfs_unicode.c */ = {isa = PBXFileReference; fileEncoding = 4; lastKnownFileType = sourcecode.c.c; name = physfs_unicode.c; path = ../physfs_unicode.c; sourceTree = SOURCE_ROOT; };
		617D78F416D932900091D4D6 /* physfs.c */ = {isa = PBXFileReference; fileEncoding = 4; lastKnownFileType = sourcecode.c.c; name = physfs.c; path = ../physfs.c; sourceTree = SOURCE_ROOT; };
		617D78F516D932900091D4D6 /* platform_macosx.c */ = {isa = PBXFileReference; fileEncoding = 4; lastKnownFileType = sourcecode.c.c; name = platform_macosx.c; path = ../platform_macosx.c; sourceTree = SOURCE_ROOT; };
		617D78F616D932900091D4D6 /* platform_posix.c */ = {isa = PBXFileReference; fileEncoding = 4; lastKnownFileType = sourcecode.c.c; name = platform_posix.c; path = ../platform_posix.c; sourceTree = SOURCE_ROOT; };
		617D78F716D932900091D4D6 /* platform_unix.c */ = {isa = PBXFileReference; fileEncoding = 4; lastKnownFileType = sourcecode.c.c; name = platform_unix.c; path = ../platform_unix.c; sourceTree = SOURCE_ROOT; };
		617D78F816D932900091D4D6 /* platform_windows.c */ = {isa = PBXFileReference; fileEncoding = 4; lastKnownFileType = sourcecode.c.c; name = platform_windows.c; path = ../platform_windows.c; sourceTree = SOURCE_ROOT; };
		617D790A16D932BC0091D4D6 /* physfs_casefolding.h */ = {isa = PBXFileReference; fileEncoding = 4; lastKnownFileType = sourcecode.c.h; name = physfs_casefolding.h; path = ../physfs_casefolding.h; sourceTree = SOURCE_ROOT; };
		617D790B16D932BC0091D4D6 /* physfs_internal.h */ = {isa = PBXFileReference; fileEncoding = 4; lastKnownFileType = sourcecode.c.h; name = physfs_internal.h; path = ../physfs_internal.h; sourceTree = SOURCE_ROOT; };
		617D790C16D932BC0091D4D6 /* physfs_miniz.h */ = {isa = PBXFileReference; fileEncoding = 4; lastKnownFileType = sourcecode.c.h; name = physfs_miniz.h; path = ../physfs_miniz.h; sourceTree = SOURCE_ROOT; };
		617D790D16D932BC0091D4D6 /* physfs_platforms.h */ = {isa = PBXFileReference; fileEncoding = 4; lastKnownFileType = sourcecode.c.h; name = physfs_platforms.h; path = ../physfs_platforms.h; sourceTree = SOURCE_ROOT; };
		617D790E16D932BC0091D4D6 /* physfs.h */ = {isa = PBXFileReference; fileEncoding = 4; lastKnownFileType = sourcecode.c.h; name = physfs.h; path = ../physfs.h; sourceTree = SOURCE_ROOT; };
		AA747D9E0F9514B9006C5449 /* Physfs_Prefix.pch */ = {isa = PBXFileReference; fileEncoding = 4; lastKnownFileType = sourcecode.c.h; path = Physfs_Prefix.pch; sourceTree = SOURCE_ROOT; };
		AACBBE490F95108600F1A2B1 /* Foundation.framework */ = {isa = PBXFileReference; lastKnownFileType = wrapper.framework; name = Foundation.framework; path = System/Library/Frameworks/Foundation.framework; sourceTree = SDKROOT; };
/* End PBXFileReference section */

/* Begin PBXFrameworksBuildPhase section */
		D2AAC07C0554694100DB518D /* Frameworks */ = {
			isa = PBXFrameworksBuildPhase;
			buildActionMask = 2147483647;
			files = (
				AACBBE4A0F95108600F1A2B1 /* Foundation.framework in Frameworks */,
			);
			runOnlyForDeploymentPostprocessing = 0;
		};
/* End PBXFrameworksBuildPhase section */

/* Begin PBXGroup section */
		034768DFFF38A50411DB9C8B /* Products */ = {
			isa = PBXGroup;
			children = (
				617D78E716D932600091D4D6 /* libPhysfs.a */,
			);
			name = Products;
			sourceTree = "<group>";
		};
		0867D691FE84028FC02AAC07 /* Physfs */ = {
			isa = PBXGroup;
			children = (
				08FB77AEFE84172EC02AAC07 /* Sources */,
				32C88DFF0371C24200C91783 /* Other Sources */,
				0867D69AFE84028FC02AAC07 /* Frameworks */,
				034768DFFF38A50411DB9C8B /* Products */,
			);
			name = Physfs;
			sourceTree = "<group>";
		};
		0867D69AFE84028FC02AAC07 /* Frameworks */ = {
			isa = PBXGroup;
			children = (
				AACBBE490F95108600F1A2B1 /* Foundation.framework */,
			);
			name = Frameworks;
			sourceTree = "<group>";
		};
		08FB77AEFE84172EC02AAC07 /* Sources */ = {
			isa = PBXGroup;
			children = (
				617D790A16D932BC0091D4D6 /* physfs_casefolding.h */,
				617D790B16D932BC0091D4D6 /* physfs_internal.h */,
				617D790C16D932BC0091D4D6 /* physfs_miniz.h */,
				617D790D16D932BC0091D4D6 /* physfs_platforms.h */,
				617D790E16D932BC0091D4D6 /* physfs.h */,
				617D78E816D932900091D4D6 /* archiver_dir.c */,
				617D78E916D932900091D4D6 /* archiver_grp.c */,
				617D78EA16D932900091D4D6 /* archiver_hog.c */,
				617D78EB16D932900091D4D6 /* archiver_iso9660.c */,
				617D78EC16D932900091D4D6 /* archiver_lzma.c */,
				617D78ED16D932900091D4D6 /* archiver_mvl.c */,
				617D78EE16D932900091D4D6 /* archiver_qpak.c */,
				617D78EF16D932900091D4D6 /* archiver_unpacked.c */,
				617D78F016D932900091D4D6 /* archiver_wad.c */,
				617D78F116D932900091D4D6 /* archiver_zip.c */,
				617D78F216D932900091D4D6 /* physfs_byteorder.c */,
				617D78F316D932900091D4D6 /* physfs_unicode.c */,
				617D78F416D932900091D4D6 /* physfs.c */,
				617D78F516D932900091D4D6 /* platform_macosx.c */,
				617D78F616D932900091D4D6 /* platform_posix.c */,
				617D78F716D932900091D4D6 /* platform_unix.c */,
				617D78F816D932900091D4D6 /* platform_windows.c */,
			);
			name = Sources;
			sourceTree = "<group>";
		};
		32C88DFF0371C24200C91783 /* Other Sources */ = {
			isa = PBXGroup;
			children = (
				AA747D9E0F9514B9006C5449 /* Physfs_Prefix.pch */,
			);
			name = "Other Sources";
			sourceTree = "<group>";
		};
/* End PBXGroup section */

/* Begin PBXHeadersBuildPhase section */
		D2AAC07A0554694100DB518D /* Headers */ = {
			isa = PBXHeadersBuildPhase;
			buildActionMask = 2147483647;
			files = (
				AA747D9F0F9514B9006C5449 /* Physfs_Prefix.pch in Headers */,
				617D790F16D932BC0091D4D6 /* physfs_casefolding.h in Headers */,
				617D791016D932BC0091D4D6 /* physfs_internal.h in Headers */,
				617D791116D932BC0091D4D6 /* physfs_miniz.h in Headers */,
				617D791216D932BC0091D4D6 /* physfs_platforms.h in Headers */,
				617D791316D932BC0091D4D6 /* physfs.h in Headers */,
			);
			runOnlyForDeploymentPostprocessing = 0;
		};
/* End PBXHeadersBuildPhase section */

/* Begin PBXNativeTarget section */
		D2AAC07D0554694100DB518D /* Physfs */ = {
			isa = PBXNativeTarget;
			buildConfigurationList = 1DEB921E08733DC00010E9CD /* Build configuration list for PBXNativeTarget "Physfs" */;
			buildPhases = (
				D2AAC07A0554694100DB518D /* Headers */,
				D2AAC07B0554694100DB518D /* Sources */,
				D2AAC07C0554694100DB518D /* Frameworks */,
			);
			buildRules = (
			);
			dependencies = (
			);
			name = Physfs;
			productName = Physfs;
			productReference = 617D78E716D932600091D4D6 /* libPhysfs.a */;
			productType = "com.apple.product-type.library.static";
		};
/* End PBXNativeTarget section */

/* Begin PBXProject section */
		0867D690FE84028FC02AAC07 /* Project object */ = {
			isa = PBXProject;
			attributes = {
				LastUpgradeCheck = 0640;
			};
			buildConfigurationList = 1DEB922208733DC00010E9CD /* Build configuration list for PBXProject "Physfs" */;
			compatibilityVersion = "Xcode 3.2";
			developmentRegion = English;
			hasScannedForEncodings = 1;
			knownRegions = (
				English,
				Japanese,
				French,
				German,
			);
			mainGroup = 0867D691FE84028FC02AAC07 /* Physfs */;
			productRefGroup = 034768DFFF38A50411DB9C8B /* Products */;
			projectDirPath = "";
			projectRoot = "";
			targets = (
				D2AAC07D0554694100DB518D /* Physfs */,
			);
		};
/* End PBXProject section */

/* Begin PBXSourcesBuildPhase section */
		D2AAC07B0554694100DB518D /* Sources */ = {
			isa = PBXSourcesBuildPhase;
			buildActionMask = 2147483647;
			files = (
				617D78F916D932900091D4D6 /* archiver_dir.c in Sources */,
				617D78FA16D932900091D4D6 /* archiver_grp.c in Sources */,
				617D78FB16D932900091D4D6 /* archiver_hog.c in Sources */,
				617D78FC16D932900091D4D6 /* archiver_iso9660.c in Sources */,
				617D78FD16D932900091D4D6 /* archiver_lzma.c in Sources */,
				617D78FE16D932900091D4D6 /* archiver_mvl.c in Sources */,
				617D78FF16D932900091D4D6 /* archiver_qpak.c in Sources */,
				617D790016D932900091D4D6 /* archiver_unpacked.c in Sources */,
				617D790116D932900091D4D6 /* archiver_wad.c in Sources */,
				617D790216D932900091D4D6 /* archiver_zip.c in Sources */,
				617D790316D932900091D4D6 /* physfs_byteorder.c in Sources */,
				617D790416D932900091D4D6 /* physfs_unicode.c in Sources */,
				617D790516D932900091D4D6 /* physfs.c in Sources */,
				617D790616D932900091D4D6 /* platform_macosx.c in Sources */,
				617D790716D932900091D4D6 /* platform_posix.c in Sources */,
				617D790816D932900091D4D6 /* platform_unix.c in Sources */,
				617D790916D932900091D4D6 /* platform_windows.c in Sources */,
			);
			runOnlyForDeploymentPostprocessing = 0;
		};
/* End PBXSourcesBuildPhase section */

/* Begin XCBuildConfiguration section */
		1DEB921F08733DC00010E9CD /* Debug */ = {
			isa = XCBuildConfiguration;
			buildSettings = {
				ALWAYS_SEARCH_USER_PATHS = NO;
				COPY_PHASE_STRIP = NO;
				DSTROOT = /tmp/Physfs.dst;
				GCC_DYNAMIC_NO_PIC = NO;
				GCC_ENABLE_FIX_AND_CONTINUE = YES;
				GCC_MODEL_TUNING = G5;
				GCC_OPTIMIZATION_LEVEL = 0;
				GCC_PRECOMPILE_PREFIX_HEADER = YES;
				GCC_PREFIX_HEADER = Physfs_Prefix.pch;
				INSTALL_PATH = /usr/local/lib;
				PRODUCT_NAME = Physfs;
				SKIP_INSTALL = YES;
			};
			name = Debug;
		};
		1DEB922008733DC00010E9CD /* Release */ = {
			isa = XCBuildConfiguration;
			buildSettings = {
				ALWAYS_SEARCH_USER_PATHS = NO;
				DSTROOT = /tmp/Physfs.dst;
				GCC_MODEL_TUNING = G5;
				GCC_PRECOMPILE_PREFIX_HEADER = YES;
				GCC_PREFIX_HEADER = Physfs_Prefix.pch;
				INSTALL_PATH = /usr/local/lib;
				PRODUCT_NAME = Physfs;
				SKIP_INSTALL = YES;
			};
			name = Release;
		};
		1DEB922308733DC00010E9CD /* Debug */ = {
			isa = XCBuildConfiguration;
			buildSettings = {
				ALWAYS_SEARCH_USER_PATHS = NO;
				CLANG_WARN_BOOL_CONVERSION = YES;
				CLANG_WARN_CONSTANT_CONVERSION = YES;
				CLANG_WARN_EMPTY_BODY = YES;
				CLANG_WARN_ENUM_CONVERSION = YES;
				CLANG_WARN_INT_CONVERSION = YES;
				CLANG_WARN_UNREACHABLE_CODE = YES;
				CLANG_WARN__DUPLICATE_METHOD_MATCH = YES;
				ENABLE_STRICT_OBJC_MSGSEND = YES;
				GCC_C_LANGUAGE_STANDARD = c99;
				GCC_NO_COMMON_BLOCKS = YES;
				GCC_OPTIMIZATION_LEVEL = 0;
				GCC_PREPROCESSOR_DEFINITIONS = "";
				GCC_VERSION = com.apple.compilers.llvm.clang.1_0;
				GCC_WARN_64_TO_32_BIT_CONVERSION = YES;
				GCC_WARN_ABOUT_RETURN_TYPE = YES;
				GCC_WARN_UNDECLARED_SELECTOR = YES;
				GCC_WARN_UNINITIALIZED_AUTOS = YES;
				GCC_WARN_UNUSED_FUNCTION = YES;
				GCC_WARN_UNUSED_VARIABLE = YES;
				HEADER_SEARCH_PATHS = (
					"\"$(SRCROOT)/../../liblua\"",
					"\"$(SRCROOT)/../../../../Library/SDL/include\"",
				);
				IPHONEOS_DEPLOYMENT_TARGET = 7.0;
				ONLY_ACTIVE_ARCH = YES;
				OTHER_LDFLAGS = "-ObjC";
				PREBINDING = NO;
				SDKROOT = iphoneos;
				VALID_ARCHS = "armv7 x86_64 arm64";
			};
			name = Debug;
		};
		1DEB922408733DC00010E9CD /* Release */ = {
			isa = XCBuildConfiguration;
			buildSettings = {
				ALWAYS_SEARCH_USER_PATHS = NO;
				CLANG_WARN_BOOL_CONVERSION = YES;
				CLANG_WARN_CONSTANT_CONVERSION = YES;
				CLANG_WARN_EMPTY_BODY = YES;
				CLANG_WARN_ENUM_CONVERSION = YES;
				CLANG_WARN_INT_CONVERSION = YES;
				CLANG_WARN_UNREACHABLE_CODE = YES;
				CLANG_WARN__DUPLICATE_METHOD_MATCH = YES;
				ENABLE_STRICT_OBJC_MSGSEND = YES;
				GCC_C_LANGUAGE_STANDARD = c99;
				GCC_NO_COMMON_BLOCKS = YES;
				GCC_PREPROCESSOR_DEFINITIONS = "";
				GCC_VERSION = com.apple.compilers.llvm.clang.1_0;
				GCC_WARN_64_TO_32_BIT_CONVERSION = YES;
				GCC_WARN_ABOUT_RETURN_TYPE = YES;
				GCC_WARN_UNDECLARED_SELECTOR = YES;
				GCC_WARN_UNINITIALIZED_AUTOS = YES;
				GCC_WARN_UNUSED_FUNCTION = YES;
				GCC_WARN_UNUSED_VARIABLE = YES;
				HEADER_SEARCH_PATHS = (
					"\"$(SRCROOT)/../../liblua\"",
					"\"$(SRCROOT)/../../../../Library/SDL/include\"",
				);
				IPHONEOS_DEPLOYMENT_TARGET = 7.0;
				OTHER_LDFLAGS = "-ObjC";
				PREBINDING = NO;
				SDKROOT = iphoneos;
				VALID_ARCHS = "armv7 x86_64 arm64";
			};
			name = Release;
		};
/* End XCBuildConfiguration section */

/* Begin XCConfigurationList section */
		1DEB921E08733DC00010E9CD /* Build configuration list for PBXNativeTarget "Physfs" */ = {
			isa = XCConfigurationList;
			buildConfigurations = (
				1DEB921F08733DC00010E9CD /* Debug */,
				1DEB922008733DC00010E9CD /* Release */,
			);
			defaultConfigurationIsVisible = 0;
			defaultConfigurationName = Release;
		};
		1DEB922208733DC00010E9CD /* Build configuration list for PBXProject "Physfs" */ = {
			isa = XCConfigurationList;
			buildConfigurations = (
				1DEB922308733DC00010E9CD /* Debug */,
				1DEB922408733DC00010E9CD /* Release */,
			);
			defaultConfigurationIsVisible = 0;
			defaultConfigurationName = Release;
		};
/* End XCConfigurationList section */
	};
	rootObject = 0867D690FE84028FC02AAC07 /* Project object */;
}
